{
  "name": "cvat-canvas3d",
  "version": "0.0.1",
  "lockfileVersion": 2,
  "requires": true,
  "packages": {
    "": {
      "name": "cvat-canvas3d",
      "version": "0.0.1",
      "license": "MIT",
      "dependencies": {
        "@types/three": "^0.125.3",
        "camera-controls": "^1.34.1",
        "three": "^0.126.1"
      },
      "devDependencies": {}
    },
    "node_modules/@types/three": {
      "version": "0.125.3",
      "resolved": "https://registry.npmjs.org/@types/three/-/three-0.125.3.tgz",
      "integrity": "sha512-tUPMzKooKDvMOhqcNVUPwkt+JNnF8ASgWSsrLgleVd0SjLj4boJhteSsF9f6YDjye0mmUjO+BDMWW83F97ehXA=="
    },
    "node_modules/camera-controls": {
      "version": "1.34.1",
      "resolved": "https://registry.npmjs.org/camera-controls/-/camera-controls-1.34.1.tgz",
      "integrity": "sha512-cw1zfO3pVB87VHz0TVTtfBpv3C7hMi11Ia7utGiskDOJRngOtm8U9JPDqD7QGpJL1f+M8y7aZXRDJtGkRGTHsQ==",
      "peerDependencies": {
        "three": ">=0.126.1"
      }
    },
    "node_modules/three": {
      "version": "0.126.1",
      "resolved": "https://registry.npmjs.org/three/-/three-0.126.1.tgz",
      "integrity": "sha512-eOEXnZeE1FDV0XgL1u08auIP13jxdN9LQBAEmlErYzMxtIIfuGIAZbijOyookALUhqVzVOx0Tywj6n192VM+nQ=="
    }
  },
  "dependencies": {
    "@types/three": {
      "version": "0.125.3",
      "resolved": "https://registry.npmjs.org/@types/three/-/three-0.125.3.tgz",
      "integrity": "sha512-tUPMzKooKDvMOhqcNVUPwkt+JNnF8ASgWSsrLgleVd0SjLj4boJhteSsF9f6YDjye0mmUjO+BDMWW83F97ehXA=="
    },
    "camera-controls": {
      "version": "1.34.1",
      "resolved": "https://registry.npmjs.org/camera-controls/-/camera-controls-1.34.1.tgz",
      "integrity": "sha512-cw1zfO3pVB87VHz0TVTtfBpv3C7hMi11Ia7utGiskDOJRngOtm8U9JPDqD7QGpJL1f+M8y7aZXRDJtGkRGTHsQ==",
      "requires": {}
    },
    "three": {
      "version": "0.126.1",
      "resolved": "https://registry.npmjs.org/three/-/three-0.126.1.tgz",
      "integrity": "sha512-eOEXnZeE1FDV0XgL1u08auIP13jxdN9LQBAEmlErYzMxtIIfuGIAZbijOyookALUhqVzVOx0Tywj6n192VM+nQ=="
    }
  }
}
